
Microsoft Visual Studio Solution File, Format Version 12.00
# Visual Studio 14
VisualStudioVersion = 14.0.25420.1
MinimumVisualStudioVersion = 10.0.40219.1
Project("{8BC9CEB8-8B4A-11D0-8D11-00A0C91BC942}") = "ZooidEngine", "ZooidEngine.vcxproj", "{0DFAB8DF-272C-4B1F-B4B1-1182CB68801D}"
EndProject
Project("{2150E333-8FDC-42A3-9474-1A3956D46DE8}") = "Tools", "Tools", "{6D7A7765-0253-4B42-9B3A-CF481E0A84E6}"
EndProject
Project("{8BC9CEB8-8B4A-11D0-8D11-00A0C91BC942}") = "ModelParser", "Tools\ModelParser.vcxproj", "{C764F814-A223-480C-807A-32E4FCEDDEB7}"
EndProject
Project("{2150E333-8FDC-42A3-9474-1A3956D46DE8}") = "Demo", "Demo", "{9BF44113-9F6A-4854-8C94-FB377FFCBD45}"
EndProject
Project("{8BC9CEB8-8B4A-11D0-8D11-00A0C91BC942}") = "SpaceShooter", "Demo\SpaceShooter.vcxproj", "{C135D1DC-F334-4497-97A6-AC77E83759BE}"
	ProjectSection(ProjectDependencies) = postProject
		{0DFAB8DF-272C-4B1F-B4B1-1182CB68801D} = {0DFAB8DF-272C-4B1F-B4B1-1182CB68801D}
	EndProjectSection
EndProject
Project("{8BC9CEB8-8B4A-11D0-8D11-00A0C91BC942}") = "PhysicsSandBox", "Demo\PhysicsSandBox.vcxproj", "{1BA5B4D3-CEC5-453A-B18A-05A43A4A166E}"
	ProjectSection(ProjectDependencies) = postProject
		{0DFAB8DF-272C-4B1F-B4B1-1182CB68801D} = {0DFAB8DF-272C-4B1F-B4B1-1182CB68801D}
	EndProjectSection
EndProject
Project("{8BC9CEB8-8B4A-11D0-8D11-00A0C91BC942}") = "AnimationDemo", "Demo\AnimationDemo.vcxproj", "{699CC566-D5F2-425D-BD45-D2E6D2DFA610}"
	ProjectSection(ProjectDependencies) = postProject
		{0DFAB8DF-272C-4B1F-B4B1-1182CB68801D} = {0DFAB8DF-272C-4B1F-B4B1-1182CB68801D}
	EndProjectSection
EndProject
Project("{8BC9CEB8-8B4A-11D0-8D11-00A0C91BC942}") = "FontAssetGen", "Tools\FontAssetGen.vcxproj", "{3D6FFFC2-25A4-4C46-A9A4-2F3A861DF356}"
EndProject
Project("{8BC9CEB8-8B4A-11D0-8D11-00A0C91BC942}") = "SceneViewer", "Demo\SceneViewer.vcxproj", "{89C37EDC-914B-4885-B3EA-89A0CD179493}"
	ProjectSection(ProjectDependencies) = postProject
		{0DFAB8DF-272C-4B1F-B4B1-1182CB68801D} = {0DFAB8DF-272C-4B1F-B4B1-1182CB68801D}
	EndProjectSection
EndProject
Global
	GlobalSection(SolutionConfigurationPlatforms) = preSolution
		Debug|x64 = Debug|x64
		Debug|x86 = Debug|x86
		Release|x64 = Release|x64
		Release|x86 = Release|x86
	EndGlobalSection
	GlobalSection(ProjectConfigurationPlatforms) = postSolution
		{0DFAB8DF-272C-4B1F-B4B1-1182CB68801D}.Debug|x64.ActiveCfg = Debug|x64
		{0DFAB8DF-272C-4B1F-B4B1-1182CB68801D}.Debug|x64.Build.0 = Debug|x64
		{0DFAB8DF-272C-4B1F-B4B1-1182CB68801D}.Debug|x86.ActiveCfg = Debug|Win32
		{0DFAB8DF-272C-4B1F-B4B1-1182CB68801D}.Debug|x86.Build.0 = Debug|Win32
		{0DFAB8DF-272C-4B1F-B4B1-1182CB68801D}.Release|x64.ActiveCfg = Release|x64
		{0DFAB8DF-272C-4B1F-B4B1-1182CB68801D}.Release|x64.Build.0 = Release|x64
		{0DFAB8DF-272C-4B1F-B4B1-1182CB68801D}.Release|x86.ActiveCfg = Release|Win32
		{0DFAB8DF-272C-4B1F-B4B1-1182CB68801D}.Release|x86.Build.0 = Release|Win32
		{C764F814-A223-480C-807A-32E4FCEDDEB7}.Debug|x64.ActiveCfg = Debug|x64
		{C764F814-A223-480C-807A-32E4FCEDDEB7}.Debug|x86.ActiveCfg = Debug|Win32
		{C764F814-A223-480C-807A-32E4FCEDDEB7}.Release|x64.ActiveCfg = Release|x64
		{C764F814-A223-480C-807A-32E4FCEDDEB7}.Release|x86.ActiveCfg = Release|Win32
		{C135D1DC-F334-4497-97A6-AC77E83759BE}.Debug|x64.ActiveCfg = Debug|x64
		{C135D1DC-F334-4497-97A6-AC77E83759BE}.Debug|x64.Build.0 = Debug|x64
		{C135D1DC-F334-4497-97A6-AC77E83759BE}.Debug|x86.ActiveCfg = Debug|Win32
		{C135D1DC-F334-4497-97A6-AC77E83759BE}.Debug|x86.Build.0 = Debug|Win32
		{C135D1DC-F334-4497-97A6-AC77E83759BE}.Release|x64.ActiveCfg = Release|x64
		{C135D1DC-F334-4497-97A6-AC77E83759BE}.Release|x64.Build.0 = Release|x64
		{C135D1DC-F334-4497-97A6-AC77E83759BE}.Release|x86.ActiveCfg = Release|Win32
		{C135D1DC-F334-4497-97A6-AC77E83759BE}.Release|x86.Build.0 = Release|Win32
		{1BA5B4D3-CEC5-453A-B18A-05A43A4A166E}.Debug|x64.ActiveCfg = Debug|x64
		{1BA5B4D3-CEC5-453A-B18A-05A43A4A166E}.Debug|x64.Build.0 = Debug|x64
		{1BA5B4D3-CEC5-453A-B18A-05A43A4A166E}.Debug|x86.ActiveCfg = Debug|Win32
		{1BA5B4D3-CEC5-453A-B18A-05A43A4A166E}.Debug|x86.Build.0 = Debug|Win32
		{1BA5B4D3-CEC5-453A-B18A-05A43A4A166E}.Release|x64.ActiveCfg = Release|x64
		{1BA5B4D3-CEC5-453A-B18A-05A43A4A166E}.Release|x64.Build.0 = Release|x64
		{1BA5B4D3-CEC5-453A-B18A-05A43A4A166E}.Release|x86.ActiveCfg = Release|Win32
		{1BA5B4D3-CEC5-453A-B18A-05A43A4A166E}.Release|x86.Build.0 = Release|Win32
		{699CC566-D5F2-425D-BD45-D2E6D2DFA610}.Debug|x64.ActiveCfg = Debug|x64
		{699CC566-D5F2-425D-BD45-D2E6D2DFA610}.Debug|x64.Build.0 = Debug|x64
		{699CC566-D5F2-425D-BD45-D2E6D2DFA610}.Debug|x86.ActiveCfg = Debug|Win32
		{699CC566-D5F2-425D-BD45-D2E6D2DFA610}.Debug|x86.Build.0 = Debug|Win32
		{699CC566-D5F2-425D-BD45-D2E6D2DFA610}.Release|x64.ActiveCfg = Release|x64
		{699CC566-D5F2-425D-BD45-D2E6D2DFA610}.Release|x64.Build.0 = Release|x64
		{699CC566-D5F2-425D-BD45-D2E6D2DFA610}.Release|x86.ActiveCfg = Release|Win32
		{699CC566-D5F2-425D-BD45-D2E6D2DFA610}.Release|x86.Build.0 = Release|Win32
		{3D6FFFC2-25A4-4C46-A9A4-2F3A861DF356}.Debug|x64.ActiveCfg = Debug|x64
		{3D6FFFC2-25A4-4C46-A9A4-2F3A861DF356}.Debug|x86.ActiveCfg = Debug|Win32
		{3D6FFFC2-25A4-4C46-A9A4-2F3A861DF356}.Release|x64.ActiveCfg = Release|x64
		{3D6FFFC2-25A4-4C46-A9A4-2F3A861DF356}.Release|x86.ActiveCfg = Release|Win32
		{89C37EDC-914B-4885-B3EA-89A0CD179493}.Debug|x64.ActiveCfg = Debug|x64
		{89C37EDC-914B-4885-B3EA-89A0CD179493}.Debug|x64.Build.0 = Debug|x64
		{89C37EDC-914B-4885-B3EA-89A0CD179493}.Debug|x86.ActiveCfg = Debug|Win32
		{89C37EDC-914B-4885-B3EA-89A0CD179493}.Debug|x86.Build.0 = Debug|Win32
		{89C37EDC-914B-4885-B3EA-89A0CD179493}.Release|x64.ActiveCfg = Release|x64
		{89C37EDC-914B-4885-B3EA-89A0CD179493}.Release|x64.Build.0 = Release|x64
		{89C37EDC-914B-4885-B3EA-89A0CD179493}.Release|x86.ActiveCfg = Release|Win32
		{89C37EDC-914B-4885-B3EA-89A0CD179493}.Release|x86.Build.0 = Release|Win32
	EndGlobalSection
	GlobalSection(SolutionProperties) = preSolution
		HideSolutionNode = FALSE
	EndGlobalSection
	GlobalSection(NestedProjects) = preSolution
		{C764F814-A223-480C-807A-32E4FCEDDEB7} = {6D7A7765-0253-4B42-9B3A-CF481E0A84E6}
		{C135D1DC-F334-4497-97A6-AC77E83759BE} = {9BF44113-9F6A-4854-8C94-FB377FFCBD45}
		{1BA5B4D3-CEC5-453A-B18A-05A43A4A166E} = {9BF44113-9F6A-4854-8C94-FB377FFCBD45}
		{699CC566-D5F2-425D-BD45-D2E6D2DFA610} = {9BF44113-9F6A-4854-8C94-FB377FFCBD45}
		{3D6FFFC2-25A4-4C46-A9A4-2F3A861DF356} = {6D7A7765-0253-4B42-9B3A-CF481E0A84E6}
		{89C37EDC-914B-4885-B3EA-89A0CD179493} = {9BF44113-9F6A-4854-8C94-FB377FFCBD45}
	EndGlobalSection
EndGlobal
