<?xml version="1.0" encoding="utf-8"?>
<Project ToolsVersion="4.0" xmlns="http://schemas.microsoft.com/developer/msbuild/2003">
  <ItemGroup>
    <Filter Include="Source Files">
      <UniqueIdentifier>{4FC737F1-C7A5-4376-A066-2A32D752A2FF}</UniqueIdentifier>
      <Extensions>cpp;c;cc;cxx;def;odl;idl;hpj;bat;asm;asmx</Extensions>
    </Filter>
    <Filter Include="Header Files">
      <UniqueIdentifier>{93995380-89BD-4b04-88EB-625FBE52EBFB}</UniqueIdentifier>
      <Extensions>h;hh;hpp;hxx;hm;inl;inc;xsd</Extensions>
    </Filter>
    <Filter Include="Resource Files">
      <UniqueIdentifier>{67DA6AB6-F800-4c08-8B7A-83BB121AAD01}</UniqueIdentifier>
      <Extensions>rc;ico;cur;bmp;dlg;rc2;rct;bin;rgs;gif;jpg;jpeg;jpe;resx;tiff;tif;png;wav;mfcribbon-ms</Extensions>
    </Filter>
    <Filter Include="Math">
      <UniqueIdentifier>{778a8f6f-aa91-4517-a041-679f6d8caff5}</UniqueIdentifier>
    </Filter>
    <Filter Include="Utils">
      <UniqueIdentifier>{54fab83d-7f65-4756-8a79-1f543a2f1b03}</UniqueIdentifier>
    </Filter>
    <Filter Include="MainFunction">
      <UniqueIdentifier>{6e3080ba-5deb-486d-b0d8-8e0d0209078e}</UniqueIdentifier>
    </Filter>
    <Filter Include="Renderer">
      <UniqueIdentifier>{382b57c6-60b2-4401-89a2-8964fbdf3e1d}</UniqueIdentifier>
    </Filter>
    <Filter Include="Shaders">
      <UniqueIdentifier>{054e7844-a36c-48c7-8ad4-30f84e67ac78}</UniqueIdentifier>
    </Filter>
    <Filter Include="GameObjectModel">
      <UniqueIdentifier>{9b82ba8a-2b55-46e6-89e3-96dee089d797}</UniqueIdentifier>
    </Filter>
    <Filter Include="Common">
      <UniqueIdentifier>{aa1d15b4-fef2-4e21-833f-274a13daebd9}</UniqueIdentifier>
    </Filter>
    <Filter Include="Scene">
      <UniqueIdentifier>{8b24e35b-31cf-4a9e-b208-c10d4023f6ce}</UniqueIdentifier>
    </Filter>
    <Filter Include="MemoryManagement">
      <UniqueIdentifier>{90300010-1402-44f6-b775-643268d2c28e}</UniqueIdentifier>
    </Filter>
    <Filter Include="External">
      <UniqueIdentifier>{95f1ffe2-19de-49c5-93a8-3e2faacd394a}</UniqueIdentifier>
    </Filter>
    <Filter Include="External\Hash">
      <UniqueIdentifier>{dc94f07c-b14f-4c1b-95d7-a2d7e30497ea}</UniqueIdentifier>
    </Filter>
    <Filter Include="UnitTest">
      <UniqueIdentifier>{21b6936d-e885-46a9-9714-887a77ffb71c}</UniqueIdentifier>
    </Filter>
    <Filter Include="Events">
      <UniqueIdentifier>{01658448-4e51-45e3-9544-b7ca04a31a7c}</UniqueIdentifier>
    </Filter>
    <Filter Include="FileSystem">
      <UniqueIdentifier>{19c1f909-dc2c-43d1-8910-3ff532053c42}</UniqueIdentifier>
    </Filter>
    <Filter Include="ResourceManagers">
      <UniqueIdentifier>{738e2b83-4b64-4057-993f-0d1e6cb0d5ce}</UniqueIdentifier>
    </Filter>
    <Filter Include="External\Image">
      <UniqueIdentifier>{6915c03a-7ea6-4a4d-99b0-2e8c1f668278}</UniqueIdentifier>
    </Filter>
    <Filter Include="Resources">
      <UniqueIdentifier>{b02f4a52-b1a2-4e4b-b5d7-987b6cf0c72c}</UniqueIdentifier>
    </Filter>
    <Filter Include="Input">
      <UniqueIdentifier>{01f13d93-2810-47dc-a2f4-f23f17d914a5}</UniqueIdentifier>
    </Filter>
    <Filter Include="Zooid">
      <UniqueIdentifier>{0492cd76-3861-48af-a90a-1c97686a0fb2}</UniqueIdentifier>
    </Filter>
    <Filter Include="Renderer\GL">
      <UniqueIdentifier>{173dcb27-a0b6-490d-b87c-0c8d1722a9fa}</UniqueIdentifier>
    </Filter>
    <Filter Include="Platform">
      <UniqueIdentifier>{839ece0a-08ae-48b5-b322-86d68db0ac7f}</UniqueIdentifier>
    </Filter>
    <Filter Include="Scene\Light">
      <UniqueIdentifier>{ef5e86bb-6ec8-466c-bfa0-8c366a20ada6}</UniqueIdentifier>
    </Filter>
    <Filter Include="Logging">
      <UniqueIdentifier>{8347452e-90d5-4a92-818a-81ae23ee7163}</UniqueIdentifier>
    </Filter>
    <Filter Include="Physics">
      <UniqueIdentifier>{bb468680-fc6c-473e-98f0-9da84bcc2230}</UniqueIdentifier>
    </Filter>
    <Filter Include="Physics\PhysX">
      <UniqueIdentifier>{f2262f0b-4dd9-44a4-a9aa-6b0cb989f565}</UniqueIdentifier>
    </Filter>
    <Filter Include="Scene\Collision">
      <UniqueIdentifier>{f9774f21-4f7b-405d-9b14-4ba6c9b045ed}</UniqueIdentifier>
    </Filter>
    <Filter Include="Animation">
      <UniqueIdentifier>{9c518568-4226-40a7-8649-97a30f324d6e}</UniqueIdentifier>
    </Filter>
    <Filter Include="Shaders\Shader2D">
      <UniqueIdentifier>{d5228377-e70a-450e-aeb5-7dc99c2d4118}</UniqueIdentifier>
    </Filter>
    <Filter Include="Shaders\Shadows">
      <UniqueIdentifier>{d5a14ca4-c309-4bf1-ab7f-6d062ec39103}</UniqueIdentifier>
    </Filter>
    <Filter Include="Platform\Win32">
      <UniqueIdentifier>{a87557ad-3bdc-4dd5-baef-3c25cbcbd186}</UniqueIdentifier>
    </Filter>
    <Filter Include="UI">
      <UniqueIdentifier>{ba6769ac-c5c0-48e6-86b8-08b7a69c1f6d}</UniqueIdentifier>
    </Filter>
    <Filter Include="SceneRenderer">
      <UniqueIdentifier>{7d73edb3-b641-495a-8a3a-918853840f13}</UniqueIdentifier>
    </Filter>
    <Filter Include="SceneRenderer\RenderInfo">
      <UniqueIdentifier>{c98271fe-2dd0-4aa4-bdbd-7be809cc0bd9}</UniqueIdentifier>
    </Filter>
    <Filter Include="SceneRenderer\RenderGraph">
      <UniqueIdentifier>{5e75b8b7-f1ca-4273-aeb7-cd5962eca135}</UniqueIdentifier>
    </Filter>
    <Filter Include="SceneRenderer\RenderPass">
      <UniqueIdentifier>{366f5c22-1503-4704-885f-8734baed131f}</UniqueIdentifier>
    </Filter>
  </ItemGroup>
  <ItemGroup>
    <ClInclude Include="..\..\ZooidEngine\ZEngine.h">
      <Filter>Header Files</Filter>
    </ClInclude>
    <ClInclude Include="..\..\ZooidEngine\Math\Vector3.h">
      <Filter>Math</Filter>
    </ClInclude>
    <ClInclude Include="..\..\ZooidEngine\Math\Matrix4x4.h">
      <Filter>Math</Filter>
    </ClInclude>
    <ClInclude Include="..\..\ZooidEngine\Math\Vector2.h">
      <Filter>Math</Filter>
    </ClInclude>
    <ClInclude Include="..\..\ZooidEngine\Math\Matrix3x3.h">
      <Filter>Math</Filter>
    </ClInclude>
    <ClInclude Include="..\..\ZooidEngine\Math\Quaternion.h">
      <Filter>Math</Filter>
    </ClInclude>
    <ClInclude Include="..\..\ZooidEngine\Math\MathUtil.h">
      <Filter>Math</Filter>
    </ClInclude>
    <ClInclude Include="..\..\ZooidEngine\Renderer\IRenderer.h">
      <Filter>Renderer</Filter>
    </ClInclude>
    <ClInclude Include="..\..\ZooidEngine\Renderer\BufferData.h">
      <Filter>Renderer</Filter>
    </ClInclude>
    <ClInclude Include="..\..\ZooidEngine\Renderer\BufferLayout.h">
      <Filter>Renderer</Filter>
    </ClInclude>
    <ClInclude Include="..\..\ZooidEngine\MainFunction\MainFunctions.h">
      <Filter>MainFunction</Filter>
    </ClInclude>
    <ClInclude Include="..\..\ZooidEngine\ZEGameContext.h">
      <Filter>Header Files</Filter>
    </ClInclude>
    <ClInclude Include="..\..\ZooidEngine\Renderer\DrawList.h">
      <Filter>Renderer</Filter>
    </ClInclude>
    <ClInclude Include="..\..\ZooidEngine\GameObjectModel\Object.h">
      <Filter>GameObjectModel</Filter>
    </ClInclude>
    <ClInclude Include="..\..\ZooidEngine\GameObjectModel\ObjDecl.h">
      <Filter>GameObjectModel</Filter>
    </ClInclude>
    <ClInclude Include="..\..\ZooidEngine\GameObjectModel\Component.h">
      <Filter>GameObjectModel</Filter>
    </ClInclude>
    <ClInclude Include="..\..\ZooidEngine\GameObjectModel\RTTI.h">
      <Filter>GameObjectModel</Filter>
    </ClInclude>
    <ClInclude Include="..\..\ZooidEngine\Common\GlobalRegistry.h">
      <Filter>Common</Filter>
    </ClInclude>
    <ClInclude Include="..\..\ZooidEngine\ZEngineIncl.h">
      <Filter>Header Files</Filter>
    </ClInclude>
    <ClInclude Include="..\..\ZooidEngine\Scene\Actor.h">
      <Filter>Scene</Filter>
    </ClInclude>
    <ClInclude Include="..\..\ZooidEngine\Scene\CameraComponent.h">
      <Filter>Scene</Filter>
    </ClInclude>
    <ClInclude Include="..\..\ZooidEngine\Scene\CameraManager.h">
      <Filter>Scene</Filter>
    </ClInclude>
    <ClInclude Include="..\..\ZooidEngine\Scene\RenderComponent.h">
      <Filter>Scene</Filter>
    </ClInclude>
    <ClInclude Include="..\..\ZooidEngine\Scene\SceneComponent.h">
      <Filter>Scene</Filter>
    </ClInclude>
    <ClInclude Include="..\..\ZooidEngine\Math\MathOps.h">
      <Filter>Math</Filter>
    </ClInclude>
    <ClInclude Include="..\..\ZooidEngine\UnitTest\UnitTest.h">
      <Filter>UnitTest</Filter>
    </ClInclude>
    <ClInclude Include="..\..\ZooidEngine\UnitTest\VectorTest.h">
      <Filter>UnitTest</Filter>
    </ClInclude>
    <ClInclude Include="..\..\ZooidEngine\UnitTest\ArrayTest.h">
      <Filter>UnitTest</Filter>
    </ClInclude>
    <ClInclude Include="..\..\ZooidEngine\UnitTest\HashMapTest.h">
      <Filter>UnitTest</Filter>
    </ClInclude>
    <ClInclude Include="..\..\ZooidEngine\External\Hash\lookup3.h">
      <Filter>External\Hash</Filter>
    </ClInclude>
    <ClInclude Include="..\..\ZooidEngine\Events\Events.h">
      <Filter>Events</Filter>
    </ClInclude>
    <ClInclude Include="..\..\ZooidEngine\GameObjectModel\FunctionDelegates.h">
      <Filter>GameObjectModel</Filter>
    </ClInclude>
    <ClInclude Include="..\..\ZooidEngine\Events\EventDispatcher.h">
      <Filter>Events</Filter>
    </ClInclude>
    <ClInclude Include="..\..\ZooidEngine\FileSystem\FileReader.h">
      <Filter>FileSystem</Filter>
    </ClInclude>
    <ClInclude Include="..\..\ZooidEngine\FileSystem\FileWriter.h">
      <Filter>FileSystem</Filter>
    </ClInclude>
    <ClInclude Include="..\..\ZooidEngine\UnitTest\FileTest.h">
      <Filter>UnitTest</Filter>
    </ClInclude>
    <ClInclude Include="..\..\ZooidEngine\ResourceManagers\ResourceManager.h">
      <Filter>ResourceManagers</Filter>
    </ClInclude>
    <ClInclude Include="..\..\ZooidEngine\External\Image\stb_image.h">
      <Filter>External\Image</Filter>
    </ClInclude>
    <ClInclude Include="..\..\ZooidEngine\Resources\Texture.h">
      <Filter>Resources</Filter>
    </ClInclude>
    <ClInclude Include="..\..\ZooidEngine\ResourceManagers\TextureManager.h">
      <Filter>ResourceManagers</Filter>
    </ClInclude>
    <ClInclude Include="..\..\ZooidEngine\ResourceManagers\ShaderManager.h">
      <Filter>ResourceManagers</Filter>
    </ClInclude>
    <ClInclude Include="..\..\ZooidEngine\Input\InputManager.h">
      <Filter>Input</Filter>
    </ClInclude>
    <ClInclude Include="..\..\ZooidEngine\Input\KeyboardMouseInput.h">
      <Filter>Input</Filter>
    </ClInclude>
    <ClInclude Include="..\..\ZooidEngine\Events\InputEvents.h">
      <Filter>Events</Filter>
    </ClInclude>
    <ClInclude Include="..\..\ZooidEngine\Scene\DebugCamera.h">
      <Filter>Scene</Filter>
    </ClInclude>
    <ClInclude Include="..\..\ZooidEngine\Renderer\ShaderData.h">
      <Filter>Renderer</Filter>
    </ClInclude>
    <ClInclude Include="..\..\ZooidEngine\Memory\Handle.h">
      <Filter>MemoryManagement</Filter>
    </ClInclude>
    <ClInclude Include="..\..\ZooidEngine\Memory\IAllocator.h">
      <Filter>MemoryManagement</Filter>
    </ClInclude>
    <ClInclude Include="..\..\ZooidEngine\Memory\MemoryHelper.h">
      <Filter>MemoryManagement</Filter>
    </ClInclude>
    <ClInclude Include="..\..\ZooidEngine\Memory\MemoryManager.h">
      <Filter>MemoryManagement</Filter>
    </ClInclude>
    <ClInclude Include="..\..\ZooidEngine\Memory\PoolAllocator.h">
      <Filter>MemoryManagement</Filter>
    </ClInclude>
    <ClInclude Include="..\..\ZooidEngine\Memory\StackAllocator.h">
      <Filter>MemoryManagement</Filter>
    </ClInclude>
    <ClInclude Include="..\..\ZooidEngine\ResourceManagers\BufferManager.h">
      <Filter>Renderer</Filter>
    </ClInclude>
    <ClInclude Include="..\..\ZooidEngine\Zooid\BaseZooid.h">
      <Filter>Zooid</Filter>
    </ClInclude>
    <ClInclude Include="..\..\ZooidEngine\Renderer\GL\GLRenderer.h">
      <Filter>Renderer\GL</Filter>
    </ClInclude>
    <ClInclude Include="..\..\ZooidEngine\Renderer\IGPUBufferData.h">
      <Filter>Renderer</Filter>
    </ClInclude>
    <ClInclude Include="..\..\ZooidEngine\Renderer\GL\GLBufferData.h">
      <Filter>Renderer\GL</Filter>
    </ClInclude>
    <ClInclude Include="..\..\ZooidEngine\Renderer\RenderZooid.h">
      <Filter>Renderer</Filter>
    </ClInclude>
    <ClInclude Include="..\..\ZooidEngine\Renderer\GL\GLRenderZooid.h">
      <Filter>Renderer\GL</Filter>
    </ClInclude>
    <ClInclude Include="..\..\ZooidEngine\Renderer\IGPUBufferArray.h">
      <Filter>Renderer</Filter>
    </ClInclude>
    <ClInclude Include="..\..\ZooidEngine\Renderer\GL\GLBufferArray.h">
      <Filter>Renderer\GL</Filter>
    </ClInclude>
    <ClInclude Include="..\..\ZooidEngine\Renderer\IGPUTexture.h">
      <Filter>Renderer</Filter>
    </ClInclude>
    <ClInclude Include="..\..\ZooidEngine\Renderer\GL\GLTexture.h">
      <Filter>Renderer\GL</Filter>
    </ClInclude>
    <ClInclude Include="..\..\ZooidEngine\Renderer\IShader.h">
      <Filter>Renderer</Filter>
    </ClInclude>
    <ClInclude Include="..\..\ZooidEngine\Platform\Thread.h">
      <Filter>Platform</Filter>
    </ClInclude>
    <ClInclude Include="..\..\ZooidEngine\Scene\SceneManager.h">
      <Filter>Scene</Filter>
    </ClInclude>
    <ClInclude Include="..\..\ZooidEngine\GameObjectModel\CompDecl.h">
      <Filter>GameObjectModel</Filter>
    </ClInclude>
    <ClInclude Include="..\..\ZooidEngine\Logging\LogManager.h">
      <Filter>Logging</Filter>
    </ClInclude>
    <ClInclude Include="..\..\ZooidEngine\Logging\Log.h">
      <Filter>Logging</Filter>
    </ClInclude>
    <ClInclude Include="..\..\ZooidEngine\Scene\Light\LightComponent.h">
      <Filter>Scene\Light</Filter>
    </ClInclude>
    <ClInclude Include="..\..\ZooidEngine\FileSystem\DirectoryHelper.h">
      <Filter>FileSystem</Filter>
    </ClInclude>
    <ClInclude Include="..\..\ZooidEngine\Resources\Material.h">
      <Filter>Resources</Filter>
    </ClInclude>
    <ClInclude Include="..\..\ZooidEngine\ResourceManagers\MaterialManager.h">
      <Filter>ResourceManagers</Filter>
    </ClInclude>
    <ClInclude Include="..\..\ZooidEngine\Resources\Mesh.h">
      <Filter>Resources</Filter>
    </ClInclude>
    <ClInclude Include="..\..\ZooidEngine\ResourceManagers\MeshManager.h">
      <Filter>ResourceManagers</Filter>
    </ClInclude>
    <ClInclude Include="..\..\ZooidEngine\Math\SSEHelper.h">
      <Filter>Math</Filter>
    </ClInclude>
    <ClInclude Include="..\..\ZooidEngine\Math\Vector4.h">
      <Filter>Math</Filter>
    </ClInclude>
    <ClInclude Include="..\..\ZooidEngine\Scene\Collision\CollisionComponent.h">
      <Filter>Scene\Collision</Filter>
    </ClInclude>
    <ClInclude Include="..\..\ZooidEngine\Scene\Collision\BoxComponent.h">
      <Filter>Scene\Collision</Filter>
    </ClInclude>
    <ClInclude Include="..\..\ZooidEngine\Scene\Collision\SphereComponent.h">
      <Filter>Scene\Collision</Filter>
    </ClInclude>
    <ClInclude Include="..\..\ZooidEngine\Scene\Collision\CapsuleComponent.h">
      <Filter>Scene\Collision</Filter>
    </ClInclude>
    <ClInclude Include="..\..\ZooidEngine\ResourceManagers\SkeletonManager.h">
      <Filter>ResourceManagers</Filter>
    </ClInclude>
    <ClInclude Include="..\..\ZooidEngine\Resources\IResource.h">
      <Filter>Resources</Filter>
    </ClInclude>
    <ClInclude Include="..\..\ZooidEngine\ResourceManagers\AnimationManager.h">
      <Filter>ResourceManagers</Filter>
    </ClInclude>
    <ClInclude Include="..\..\ZooidEngine\Renderer\GL\GLShader.h">
      <Filter>Renderer\GL</Filter>
    </ClInclude>
    <ClInclude Include="..\..\ZooidEngine\Renderer\DebugRenderer.h">
      <Filter>Renderer</Filter>
    </ClInclude>
    <ClInclude Include="..\..\ZooidEngine\Resources\Font.h">
      <Filter>Resources</Filter>
    </ClInclude>
    <ClInclude Include="..\..\ZooidEngine\ResourceManagers\FontManager.h">
      <Filter>ResourceManagers</Filter>
    </ClInclude>
    <ClInclude Include="..\..\ZooidEngine\Resources\TextMesh.h">
      <Filter>Resources</Filter>
    </ClInclude>
    <ClInclude Include="..\..\ZooidEngine\Scene\TextComponent.h">
      <Filter>Scene</Filter>
    </ClInclude>
    <ClInclude Include="..\..\ZooidEngine\External\Image\SDFGenerator.h">
      <Filter>External\Image</Filter>
    </ClInclude>
    <ClInclude Include="..\..\ZooidEngine\Renderer\IGPURenderBuffer.h">
      <Filter>Renderer</Filter>
    </ClInclude>
    <ClInclude Include="..\..\ZooidEngine\Renderer\GL\GLRenderBuffer.h">
      <Filter>Renderer\GL</Filter>
    </ClInclude>
    <ClInclude Include="..\..\ZooidEngine\Renderer\IGPUFrameBuffer.h">
      <Filter>Renderer</Filter>
    </ClInclude>
    <ClInclude Include="..\..\ZooidEngine\Renderer\GL\GLFrameBuffer.h">
      <Filter>Renderer\GL</Filter>
    </ClInclude>
    <ClInclude Include="..\..\ZooidEngine\Renderer\Enums.h">
      <Filter>Renderer</Filter>
    </ClInclude>
    <ClInclude Include="..\..\ZooidEngine\Platform\Platform.h">
      <Filter>Platform</Filter>
    </ClInclude>
    <ClInclude Include="..\..\ZooidEngine\Platform\Win32\Win_Platform.h">
      <Filter>Platform\Win32</Filter>
    </ClInclude>
    <ClInclude Include="..\..\ZooidEngine\Utils\ZEngineHelper.h">
      <Filter>Header Files</Filter>
    </ClInclude>
    <ClInclude Include="..\..\ZooidEngine\Animation\Animation.h">
      <Filter>Animation</Filter>
    </ClInclude>
    <ClInclude Include="..\..\ZooidEngine\Animation\AnimationComponent.h">
      <Filter>Animation</Filter>
    </ClInclude>
    <ClInclude Include="..\..\ZooidEngine\Animation\AnimationSM.h">
      <Filter>Animation</Filter>
    </ClInclude>
    <ClInclude Include="..\..\ZooidEngine\Utils\Timer.h">
      <Filter>Utils</Filter>
    </ClInclude>
    <ClInclude Include="..\..\ZooidEngine\Utils\StringFunc.h">
      <Filter>Utils</Filter>
    </ClInclude>
    <ClInclude Include="..\..\ZooidEngine\Utils\String.h">
      <Filter>Utils</Filter>
    </ClInclude>
    <ClInclude Include="..\..\ZooidEngine\Utils\PrimitiveTypes.h">
      <Filter>Utils</Filter>
    </ClInclude>
    <ClInclude Include="..\..\ZooidEngine\Animation\Skeleton.h">
      <Filter>Animation</Filter>
    </ClInclude>
    <ClInclude Include="..\..\ZooidEngine\Physics\PhysX\PhysXZooid.h">
      <Filter>Physics\PhysX</Filter>
    </ClInclude>
    <ClInclude Include="..\..\ZooidEngine\Physics\PhysX\PhysXBody.h">
      <Filter>Physics\PhysX</Filter>
    </ClInclude>
    <ClInclude Include="..\..\ZooidEngine\Physics\PhysX\PhysX.h">
      <Filter>Physics\PhysX</Filter>
    </ClInclude>
    <ClInclude Include="..\..\ZooidEngine\Physics\PhysicsZooid.h">
      <Filter>Physics</Filter>
    </ClInclude>
    <ClInclude Include="..\..\ZooidEngine\Physics\PhysicsEvents.h">
      <Filter>Physics</Filter>
    </ClInclude>
    <ClInclude Include="..\..\ZooidEngine\Physics\PhysicsBodyHolder.h">
      <Filter>Physics</Filter>
    </ClInclude>
    <ClInclude Include="..\..\ZooidEngine\Physics\PhysicsBody.h">
      <Filter>Physics</Filter>
    </ClInclude>
    <ClInclude Include="..\..\ZooidEngine\Physics\Physics.h">
      <Filter>Physics</Filter>
    </ClInclude>
    <ClInclude Include="..\..\ZooidEngine\Utils\Macros.h">
      <Filter>Utils</Filter>
    </ClInclude>
    <ClInclude Include="..\..\ZooidEngine\Utils\HashMap.h">
      <Filter>Utils</Filter>
    </ClInclude>
    <ClInclude Include="..\..\ZooidEngine\Renderer\GL\Enums.h">
      <Filter>Renderer\GL</Filter>
    </ClInclude>
    <ClInclude Include="..\..\ZooidEngine\Utils\Array.h">
      <Filter>Utils</Filter>
    </ClInclude>
    <ClInclude Include="..\..\ZooidEngine\Utils\Debug.h">
      <Filter>Utils</Filter>
    </ClInclude>
    <ClInclude Include="..\..\ZooidEngine\UI\UIRenderer.h">
      <Filter>UI</Filter>
    </ClInclude>
    <ClInclude Include="..\..\ZooidEngine\UI\ZooidUI.h">
      <Filter>UI</Filter>
    </ClInclude>
    <ClInclude Include="..\..\ZooidEngine\UI\ZooidUI_Config.h">
      <Filter>UI</Filter>
    </ClInclude>
    <ClInclude Include="..\..\ZooidEngine\UI\UIInputComponent.h">
      <Filter>UI</Filter>
    </ClInclude>
    <ClInclude Include="..\..\ZooidEngine\UI\UIManager.h">
      <Filter>UI</Filter>
    </ClInclude>
    <ClInclude Include="..\..\ZooidEngine\Renderer\Structs.h">
      <Filter>Renderer</Filter>
    </ClInclude>
    <ClInclude Include="..\..\ZooidEngine\SceneRenderer\ForwardRenderPass.h">
      <Filter>SceneRenderer</Filter>
    </ClInclude>
    <ClInclude Include="..\..\ZooidEngine\SceneRenderer\RenderInfo.h">
      <Filter>SceneRenderer</Filter>
    </ClInclude>
    <ClInclude Include="..\..\ZooidEngine\SceneRenderer\RenderPass.h">
      <Filter>SceneRenderer</Filter>
    </ClInclude>
    <ClInclude Include="..\..\ZooidEngine\SceneRenderer\SceneRenderer.h">
      <Filter>SceneRenderer</Filter>
    </ClInclude>
    <ClInclude Include="..\..\ZooidEngine\SceneRenderer\SceneRenderFactory.h">
      <Filter>SceneRenderer</Filter>
    </ClInclude>
    <ClInclude Include="..\..\ZooidEngine\SceneRenderer\RenderInfo\MeshRenderInfo.h">
      <Filter>SceneRenderer\RenderInfo</Filter>
    </ClInclude>
    <ClInclude Include="..\..\ZooidEngine\SceneRenderer\RenderInfo\SkinMeshRenderInfo.h">
      <Filter>SceneRenderer\RenderInfo</Filter>
    </ClInclude>
    <ClInclude Include="..\..\ZooidEngine\SceneRenderer\RenderContext.h">
      <Filter>SceneRenderer</Filter>
    </ClInclude>
    <ClInclude Include="..\..\ZooidEngine\SceneRenderer\RenderGatherer.h">
      <Filter>SceneRenderer</Filter>
    </ClInclude>
    <ClInclude Include="..\..\ZooidEngine\SceneRenderer\ShadowRenderer.h">
      <Filter>SceneRenderer</Filter>
    </ClInclude>
    <ClInclude Include="..\..\ZooidEngine\SceneRenderer\TextRenderer.h">
      <Filter>SceneRenderer</Filter>
    </ClInclude>
    <ClInclude Include="..\..\ZooidEngine\Common\SingletonClass.h">
      <Filter>Common</Filter>
    </ClInclude>
    <ClInclude Include="..\..\ZooidEngine\SceneRenderer\RenderInfo\TextRenderInfo.h">
      <Filter>SceneRenderer\RenderInfo</Filter>
    </ClInclude>
    <ClInclude Include="..\..\ZooidEngine\Renderer\IGPUStates.h">
      <Filter>Renderer</Filter>
    </ClInclude>
    <ClInclude Include="..\..\ZooidEngine\Renderer\GL\GLStates.h">
      <Filter>Renderer\GL</Filter>
    </ClInclude>
    <ClInclude Include="..\..\ZooidEngine\Scene\Skybox.h">
      <Filter>Scene</Filter>
    </ClInclude>
    <ClInclude Include="..\..\ZooidEngine\SceneRenderer\RenderInfo\SkyboxRenderInfo.h">
      <Filter>SceneRenderer\RenderInfo</Filter>
    </ClInclude>
    <ClInclude Include="..\..\ZooidEngine\SceneRenderer\SkyboxRenderer.h">
      <Filter>SceneRenderer</Filter>
    </ClInclude>
    <ClInclude Include="..\..\ZooidEngine\SceneRenderer\ViewFustrum.h">
      <Filter>SceneRenderer</Filter>
    </ClInclude>
    <ClInclude Include="..\..\ZooidEngine\Math\Plane.h">
      <Filter>Math</Filter>
    </ClInclude>
    <ClInclude Include="..\..\ZooidEngine\Math\Shapes.h">
      <Filter>Math</Filter>
    </ClInclude>
    <ClInclude Include="..\..\ZooidEngine\Utils\DebugOptions.h">
      <Filter>Utils</Filter>
    </ClInclude>
    <ClInclude Include="..\..\ZooidEngine\SceneRenderer\RenderGraph.h">
      <Filter>SceneRenderer</Filter>
    </ClInclude>
    <ClInclude Include="..\..\ZooidEngine\SceneRenderer\RenderPass\GBufferRenderPass.h">
      <Filter>SceneRenderer\RenderPass</Filter>
    </ClInclude>
    <ClInclude Include="..\..\ZooidEngine\SceneRenderer\RenderPass\LightRenderPass.h">
      <Filter>SceneRenderer\RenderPass</Filter>
    </ClInclude>
    <ClInclude Include="..\..\ZooidEngine\SceneRenderer\RenderPass\PostProcessRenderPass.h">
      <Filter>SceneRenderer\RenderPass</Filter>
    </ClInclude>
    <ClInclude Include="..\..\ZooidEngine\SceneRenderer\RenderPass\ShadowDepthRenderPass.h">
      <Filter>SceneRenderer\RenderPass</Filter>
    </ClInclude>
    <ClInclude Include="..\..\ZooidEngine\SceneRenderer\RenderGraph\BaseDeferredRenderGraph.h">
      <Filter>SceneRenderer\RenderGraph</Filter>
    </ClInclude>
    <ClInclude Include="..\..\ZooidEngine\SceneRenderer\RenderPass\ScreenRenderPass.h">
      <Filter>SceneRenderer\RenderPass</Filter>
    </ClInclude>
    <ClInclude Include="..\..\ZooidEngine\SceneRenderer\RenderPass\DebugRenderPass.h">
      <Filter>SceneRenderer\RenderPass</Filter>
    </ClInclude>
    <ClInclude Include="..\..\ZooidEngine\SceneRenderer\RenderGraph\BaseForwardRenderGraph.h">
      <Filter>SceneRenderer\RenderGraph</Filter>
    </ClInclude>
  </ItemGroup>
  <ItemGroup>
    <ClCompile Include="..\..\ZooidEngine\MainFunction\Main.cpp">
      <Filter>MainFunction</Filter>
    </ClCompile>
    <ClCompile Include="..\..\ZooidEngine\Renderer\BufferData.cpp">
      <Filter>Renderer</Filter>
    </ClCompile>
    <ClCompile Include="..\..\ZooidEngine\Renderer\BufferLayout.cpp">
      <Filter>Renderer</Filter>
    </ClCompile>
    <ClCompile Include="..\..\ZooidEngine\MainFunction\MainFunctions.cpp">
      <Filter>MainFunction</Filter>
    </ClCompile>
    <ClCompile Include="..\..\ZooidEngine\ZEGameContext.cpp">
      <Filter>Source Files</Filter>
    </ClCompile>
    <ClCompile Include="..\..\ZooidEngine\Renderer\DrawList.cpp">
      <Filter>Renderer</Filter>
    </ClCompile>
    <ClCompile Include="..\..\ZooidEngine\GameObjectModel\Object.cpp">
      <Filter>GameObjectModel</Filter>
    </ClCompile>
    <ClCompile Include="..\..\ZooidEngine\GameObjectModel\Component.cpp">
      <Filter>GameObjectModel</Filter>
    </ClCompile>
    <ClCompile Include="..\..\ZooidEngine\Common\GlobalRegistry.cpp">
      <Filter>Common</Filter>
    </ClCompile>
    <ClCompile Include="..\..\ZooidEngine\Scene\Actor.cpp">
      <Filter>Scene</Filter>
    </ClCompile>
    <ClCompile Include="..\..\ZooidEngine\Scene\CameraComponent.cpp">
      <Filter>Scene</Filter>
    </ClCompile>
    <ClCompile Include="..\..\ZooidEngine\Scene\CameraManager.cpp">
      <Filter>Scene</Filter>
    </ClCompile>
    <ClCompile Include="..\..\ZooidEngine\Scene\RenderComponent.cpp">
      <Filter>Scene</Filter>
    </ClCompile>
    <ClCompile Include="..\..\ZooidEngine\Scene\SceneComponent.cpp">
      <Filter>Scene</Filter>
    </ClCompile>
    <ClCompile Include="..\..\ZooidEngine\Math\MathOps.cpp">
      <Filter>Math</Filter>
    </ClCompile>
    <ClCompile Include="..\..\ZooidEngine\External\Hash\lookup3.c">
      <Filter>External\Hash</Filter>
    </ClCompile>
    <ClCompile Include="..\..\ZooidEngine\UnitTest\VectorTest.cpp">
      <Filter>UnitTest</Filter>
    </ClCompile>
    <ClCompile Include="..\..\ZooidEngine\UnitTest\ArrayTest.cpp">
      <Filter>UnitTest</Filter>
    </ClCompile>
    <ClCompile Include="..\..\ZooidEngine\UnitTest\HashMapTest.cpp">
      <Filter>UnitTest</Filter>
    </ClCompile>
    <ClCompile Include="..\..\ZooidEngine\UnitTest\UnitTest.cpp">
      <Filter>UnitTest</Filter>
    </ClCompile>
    <ClCompile Include="..\..\ZooidEngine\Events\Events.cpp">
      <Filter>Events</Filter>
    </ClCompile>
    <ClCompile Include="..\..\ZooidEngine\GameObjectModel\FunctionDelegates.cpp">
      <Filter>GameObjectModel</Filter>
    </ClCompile>
    <ClCompile Include="..\..\ZooidEngine\Events\EventDispatcher.cpp">
      <Filter>Events</Filter>
    </ClCompile>
    <ClCompile Include="..\..\ZooidEngine\FileSystem\FileReader.cpp">
      <Filter>FileSystem</Filter>
    </ClCompile>
    <ClCompile Include="..\..\ZooidEngine\FileSystem\FileWriter.cpp">
      <Filter>FileSystem</Filter>
    </ClCompile>
    <ClCompile Include="..\..\ZooidEngine\UnitTest\FileTest.cpp">
      <Filter>UnitTest</Filter>
    </ClCompile>
    <ClCompile Include="..\..\ZooidEngine\ResourceManagers\ResourceManager.cpp">
      <Filter>ResourceManagers</Filter>
    </ClCompile>
    <ClCompile Include="..\..\ZooidEngine\External\Image\stb_image.cpp">
      <Filter>External\Image</Filter>
    </ClCompile>
    <ClCompile Include="..\..\ZooidEngine\Resources\Texture.cpp">
      <Filter>Resources</Filter>
    </ClCompile>
    <ClCompile Include="..\..\ZooidEngine\ResourceManagers\TextureManager.cpp">
      <Filter>ResourceManagers</Filter>
    </ClCompile>
    <ClCompile Include="..\..\ZooidEngine\ResourceManagers\ShaderManager.cpp">
      <Filter>ResourceManagers</Filter>
    </ClCompile>
    <ClCompile Include="..\..\ZooidEngine\Input\KeyboardMouseInput.cpp">
      <Filter>Input</Filter>
    </ClCompile>
    <ClCompile Include="..\..\ZooidEngine\Input\InputManager.cpp">
      <Filter>Input</Filter>
    </ClCompile>
    <ClCompile Include="..\..\ZooidEngine\Events\InputEvents.cpp">
      <Filter>Events</Filter>
    </ClCompile>
    <ClCompile Include="..\..\ZooidEngine\Scene\DebugCamera.cpp">
      <Filter>Scene</Filter>
    </ClCompile>
    <ClCompile Include="..\..\ZooidEngine\Memory\Handle.cpp">
      <Filter>MemoryManagement</Filter>
    </ClCompile>
    <ClCompile Include="..\..\ZooidEngine\Memory\IAllocator.cpp">
      <Filter>MemoryManagement</Filter>
    </ClCompile>
    <ClCompile Include="..\..\ZooidEngine\Memory\MemoryHelper.cpp">
      <Filter>MemoryManagement</Filter>
    </ClCompile>
    <ClCompile Include="..\..\ZooidEngine\Memory\MemoryManager.cpp">
      <Filter>MemoryManagement</Filter>
    </ClCompile>
    <ClCompile Include="..\..\ZooidEngine\Memory\PoolAllocator.cpp">
      <Filter>MemoryManagement</Filter>
    </ClCompile>
    <ClCompile Include="..\..\ZooidEngine\Memory\StackAllocator.cpp">
      <Filter>MemoryManagement</Filter>
    </ClCompile>
    <ClCompile Include="..\..\ZooidEngine\ResourceManagers\BufferManager.cpp">
      <Filter>Renderer</Filter>
    </ClCompile>
    <ClCompile Include="..\..\ZooidEngine\Zooid\BaseZooid.cpp">
      <Filter>Zooid</Filter>
    </ClCompile>
    <ClCompile Include="..\..\ZooidEngine\Renderer\GL\GLRenderer.cpp">
      <Filter>Renderer\GL</Filter>
    </ClCompile>
    <ClCompile Include="..\..\ZooidEngine\Renderer\IGPUBufferData.cpp">
      <Filter>Renderer</Filter>
    </ClCompile>
    <ClCompile Include="..\..\ZooidEngine\Renderer\GL\GLBufferData.cpp">
      <Filter>Renderer\GL</Filter>
    </ClCompile>
    <ClCompile Include="..\..\ZooidEngine\Renderer\RenderZooid.cpp">
      <Filter>Renderer</Filter>
    </ClCompile>
    <ClCompile Include="..\..\ZooidEngine\Renderer\GL\GLRenderZooid.cpp">
      <Filter>Renderer\GL</Filter>
    </ClCompile>
    <ClCompile Include="..\..\ZooidEngine\Renderer\IGPUBufferArray.cpp">
      <Filter>Renderer</Filter>
    </ClCompile>
    <ClCompile Include="..\..\ZooidEngine\Renderer\GL\GLBufferArray.cpp">
      <Filter>Renderer\GL</Filter>
    </ClCompile>
    <ClCompile Include="..\..\ZooidEngine\Renderer\IGPUTexture.cpp">
      <Filter>Renderer</Filter>
    </ClCompile>
    <ClCompile Include="..\..\ZooidEngine\Renderer\GL\GLTexture.cpp">
      <Filter>Renderer\GL</Filter>
    </ClCompile>
    <ClCompile Include="..\..\ZooidEngine\Renderer\IShader.cpp">
      <Filter>Renderer</Filter>
    </ClCompile>
    <ClCompile Include="..\..\ZooidEngine\Platform\Thread.cpp">
      <Filter>Platform</Filter>
    </ClCompile>
    <ClCompile Include="..\..\ZooidEngine\Scene\SceneManager.cpp">
      <Filter>Scene</Filter>
    </ClCompile>
    <ClCompile Include="..\..\ZooidEngine\Logging\LogManager.cpp">
      <Filter>Logging</Filter>
    </ClCompile>
    <ClCompile Include="..\..\ZooidEngine\Scene\Light\LightComponent.cpp">
      <Filter>Scene\Light</Filter>
    </ClCompile>
    <ClCompile Include="..\..\ZooidEngine\FileSystem\DirectoryHelper.cpp">
      <Filter>FileSystem</Filter>
    </ClCompile>
    <ClCompile Include="..\..\ZooidEngine\Resources\Material.cpp">
      <Filter>Resources</Filter>
    </ClCompile>
    <ClCompile Include="..\..\ZooidEngine\Resources\Mesh.cpp">
      <Filter>Resources</Filter>
    </ClCompile>
    <ClCompile Include="..\..\ZooidEngine\ResourceManagers\MaterialManager.cpp">
      <Filter>ResourceManagers</Filter>
    </ClCompile>
    <ClCompile Include="..\..\ZooidEngine\ResourceManagers\MeshManager.cpp">
      <Filter>ResourceManagers</Filter>
    </ClCompile>
    <ClCompile Include="..\..\ZooidEngine\Physics\PhysX\PhysXZooid.cpp">
      <Filter>Physics\PhysX</Filter>
    </ClCompile>
    <ClCompile Include="..\..\ZooidEngine\Physics\PhysicsBody.cpp">
      <Filter>Physics</Filter>
    </ClCompile>
    <ClCompile Include="..\..\ZooidEngine\Physics\PhysX\PhysXBody.cpp">
      <Filter>Physics\PhysX</Filter>
    </ClCompile>
    <ClCompile Include="..\..\ZooidEngine\Physics\PhysicsEvents.cpp">
      <Filter>Physics</Filter>
    </ClCompile>
    <ClCompile Include="..\..\ZooidEngine\Scene\Collision\CollisionComponent.cpp">
      <Filter>Scene\Collision</Filter>
    </ClCompile>
    <ClCompile Include="..\..\ZooidEngine\Scene\Collision\BoxComponent.cpp">
      <Filter>Scene\Collision</Filter>
    </ClCompile>
    <ClCompile Include="..\..\ZooidEngine\Scene\Collision\SphereComponent.cpp">
      <Filter>Scene\Collision</Filter>
    </ClCompile>
    <ClCompile Include="..\..\ZooidEngine\Scene\Collision\CapsuleComponent.cpp">
      <Filter>Scene\Collision</Filter>
    </ClCompile>
    <ClCompile Include="..\..\ZooidEngine\Physics\PhysicsBodyHolder.cpp">
      <Filter>Physics</Filter>
    </ClCompile>
    <ClCompile Include="..\..\ZooidEngine\ResourceManagers\SkeletonManager.cpp">
      <Filter>ResourceManagers</Filter>
    </ClCompile>
    <ClCompile Include="..\..\ZooidEngine\ResourceManagers\AnimationManager.cpp">
      <Filter>ResourceManagers</Filter>
    </ClCompile>
    <ClCompile Include="..\..\ZooidEngine\Renderer\GL\GLShader.cpp">
      <Filter>Renderer\GL</Filter>
    </ClCompile>
    <ClCompile Include="..\..\ZooidEngine\Renderer\DebugRenderer.cpp">
      <Filter>Renderer</Filter>
    </ClCompile>
    <ClCompile Include="..\..\ZooidEngine\Resources\Font.cpp">
      <Filter>Resources</Filter>
    </ClCompile>
    <ClCompile Include="..\..\ZooidEngine\ResourceManagers\FontManager.cpp">
      <Filter>ResourceManagers</Filter>
    </ClCompile>
    <ClCompile Include="..\..\ZooidEngine\Resources\TextMesh.cpp">
      <Filter>Resources</Filter>
    </ClCompile>
    <ClCompile Include="..\..\ZooidEngine\Scene\TextComponent.cpp">
      <Filter>Scene</Filter>
    </ClCompile>
    <ClCompile Include="..\..\ZooidEngine\External\Image\SDFGenerator.cpp">
      <Filter>External\Image</Filter>
    </ClCompile>
    <ClCompile Include="..\..\ZooidEngine\Renderer\IGPURenderBuffer.cpp">
      <Filter>Renderer</Filter>
    </ClCompile>
    <ClCompile Include="..\..\ZooidEngine\Renderer\GL\GLRenderBuffer.cpp">
      <Filter>Renderer\GL</Filter>
    </ClCompile>
    <ClCompile Include="..\..\ZooidEngine\Renderer\IGPUFrameBuffer.cpp">
      <Filter>Renderer</Filter>
    </ClCompile>
    <ClCompile Include="..\..\ZooidEngine\Renderer\GL\GLFrameBuffer.cpp">
      <Filter>Renderer\GL</Filter>
    </ClCompile>
    <ClCompile Include="..\..\ZooidEngine\Platform\Platform.cpp">
      <Filter>Platform</Filter>
    </ClCompile>
    <ClCompile Include="..\..\ZooidEngine\Animation\Animation.cpp">
      <Filter>Animation</Filter>
    </ClCompile>
    <ClCompile Include="..\..\ZooidEngine\Animation\AnimationComponent.cpp">
      <Filter>Animation</Filter>
    </ClCompile>
    <ClCompile Include="..\..\ZooidEngine\Animation\AnimationSM.cpp">
      <Filter>Animation</Filter>
    </ClCompile>
    <ClCompile Include="..\..\ZooidEngine\Animation\Skeleton.cpp">
      <Filter>Animation</Filter>
    </ClCompile>
    <ClCompile Include="..\..\ZooidEngine\Utils\Debug.cpp">
      <Filter>Utils</Filter>
    </ClCompile>
    <ClCompile Include="..\..\ZooidEngine\Physics\PhysX\PhysX.cpp">
      <Filter>Physics\PhysX</Filter>
    </ClCompile>
    <ClCompile Include="..\..\ZooidEngine\Utils\StringFunc.cpp">
      <Filter>Utils</Filter>
    </ClCompile>
    <ClCompile Include="..\..\ZooidEngine\Platform\Win32\Win_Platform.cpp">
      <Filter>Platform\Win32</Filter>
    </ClCompile>
    <ClCompile Include="..\..\ZooidEngine\UI\UIRenderer.cpp">
      <Filter>UI</Filter>
    </ClCompile>
    <ClCompile Include="..\..\ZooidEngine\UI\ZooidUI.cpp">
      <Filter>UI</Filter>
    </ClCompile>
    <ClCompile Include="..\..\ZooidEngine\UI\UIInputComponent.cpp">
      <Filter>UI</Filter>
    </ClCompile>
    <ClCompile Include="..\..\ZooidEngine\UI\UIManager.cpp">
      <Filter>UI</Filter>
    </ClCompile>
    <ClCompile Include="..\..\ZooidEngine\SceneRenderer\ForwardRenderPass.cpp">
      <Filter>SceneRenderer</Filter>
    </ClCompile>
    <ClCompile Include="..\..\ZooidEngine\SceneRenderer\SceneRenderer.cpp">
      <Filter>SceneRenderer</Filter>
    </ClCompile>
    <ClCompile Include="..\..\ZooidEngine\SceneRenderer\SceneRenderFactory.cpp">
      <Filter>SceneRenderer</Filter>
    </ClCompile>
    <ClCompile Include="..\..\ZooidEngine\SceneRenderer\RenderContext.cpp">
      <Filter>SceneRenderer</Filter>
    </ClCompile>
    <ClCompile Include="..\..\ZooidEngine\SceneRenderer\RenderGatherer.cpp">
      <Filter>SceneRenderer</Filter>
    </ClCompile>
    <ClCompile Include="..\..\ZooidEngine\SceneRenderer\ShadowRenderer.cpp">
      <Filter>SceneRenderer</Filter>
    </ClCompile>
    <ClCompile Include="..\..\ZooidEngine\SceneRenderer\TextRenderer.cpp">
      <Filter>SceneRenderer</Filter>
    </ClCompile>
    <ClCompile Include="..\..\ZooidEngine\Renderer\ShaderData.cpp">
      <Filter>Renderer</Filter>
    </ClCompile>
    <ClCompile Include="..\..\ZooidEngine\Renderer\GL\GLStates.cpp">
      <Filter>Renderer\GL</Filter>
    </ClCompile>
    <ClCompile Include="..\..\ZooidEngine\Renderer\IGPUStates.cpp">
      <Filter>Renderer</Filter>
    </ClCompile>
    <ClCompile Include="..\..\ZooidEngine\Scene\Skybox.cpp">
      <Filter>Scene</Filter>
    </ClCompile>
    <ClCompile Include="..\..\ZooidEngine\SceneRenderer\SkyboxRenderer.cpp">
      <Filter>SceneRenderer</Filter>
    </ClCompile>
    <ClCompile Include="..\..\ZooidEngine\SceneRenderer\ViewFustrum.cpp">
      <Filter>SceneRenderer</Filter>
    </ClCompile>
    <ClCompile Include="..\..\ZooidEngine\SceneRenderer\RenderPass\GBufferRenderPass.cpp">
      <Filter>SceneRenderer\RenderPass</Filter>
    </ClCompile>
    <ClCompile Include="..\..\ZooidEngine\SceneRenderer\RenderPass\LightRenderPass.cpp">
      <Filter>SceneRenderer\RenderPass</Filter>
    </ClCompile>
    <ClCompile Include="..\..\ZooidEngine\SceneRenderer\RenderPass\PostProcessRenderPass.cpp">
      <Filter>SceneRenderer\RenderPass</Filter>
    </ClCompile>
    <ClCompile Include="..\..\ZooidEngine\SceneRenderer\RenderPass\ShadowDepthRenderPass.cpp">
      <Filter>SceneRenderer\RenderPass</Filter>
    </ClCompile>
    <ClCompile Include="..\..\ZooidEngine\Renderer\Structs.cpp">
      <Filter>Renderer</Filter>
    </ClCompile>
    <ClCompile Include="..\..\ZooidEngine\SceneRenderer\RenderGraph\BaseDeferredRenderGraph.cpp">
      <Filter>SceneRenderer\RenderGraph</Filter>
    </ClCompile>
    <ClCompile Include="..\..\ZooidEngine\SceneRenderer\RenderPass\ScreenRenderPass.cpp">
      <Filter>SceneRenderer\RenderPass</Filter>
    </ClCompile>
    <ClCompile Include="..\..\ZooidEngine\SceneRenderer\RenderPass\DebugRenderPass.cpp">
      <Filter>SceneRenderer\RenderPass</Filter>
    </ClCompile>
    <ClCompile Include="..\..\ZooidEngine\SceneRenderer\RenderGraph\BaseForwardRenderGraph.cpp">
      <Filter>SceneRenderer\RenderGraph</Filter>
    </ClCompile>
  </ItemGroup>
  <ItemGroup>
    <None Include="..\..\ZooidEngine\Shaders\TestGLVertexShader.vs">
      <Filter>Shaders</Filter>
    </None>
    <None Include="..\..\ZooidEngine\Shaders\TestGLFragmentShader.frag">
      <Filter>Shaders</Filter>
    </None>
    <None Include="..\..\ZooidEngine\Shaders\DefaultGLSimple.frag">
      <Filter>Shaders</Filter>
    </None>
    <None Include="..\..\ZooidEngine\Shaders\DefaultGLSimple.vs">
      <Filter>Shaders</Filter>
    </None>
    <None Include="..\..\ZooidEngine\Shaders\DefaultGLSimpleColor.frag">
      <Filter>Shaders</Filter>
    </None>
    <None Include="..\..\ZooidEngine\Shaders\ShaderData.ubs">
      <Filter>Shaders</Filter>
    </None>
    <None Include="..\..\ZooidEngine\Shaders\DefaultHighlightSimple.vs">
      <Filter>Shaders</Filter>
    </None>
    <None Include="..\..\ZooidEngine\Shaders\DefaultHighlightSimple.frag">
      <Filter>Shaders</Filter>
    </None>
    <None Include="..\..\ZooidEngine\Shaders\DefaultGLSimpleLit.frag">
      <Filter>Shaders</Filter>
    </None>
    <None Include="..\..\ZooidEngine\Shaders\DefaultGLSimpleLit.vs">
      <Filter>Shaders</Filter>
    </None>
    <None Include="..\..\ZooidEngine\Shaders\DefaultGLSimpleLit_Blend.frag">
      <Filter>Shaders</Filter>
    </None>
    <None Include="..\..\ZooidEngine\Shaders\DefaultGLSimpleLitSkin.vs">
      <Filter>Shaders</Filter>
    </None>
    <None Include="..\..\ZooidEngine\Shaders\Shader2D\TextShader.frag">
      <Filter>Shaders\Shader2D</Filter>
    </None>
    <None Include="..\..\ZooidEngine\Shaders\Shader2D\TextShader.vs">
      <Filter>Shaders\Shader2D</Filter>
    </None>
    <None Include="..\..\ZooidEngine\Shaders\TextWorldShader.vs">
      <Filter>Shaders</Filter>
    </None>
    <None Include="..\..\ZooidEngine\Shaders\TextWorldShader.frag">
      <Filter>Shaders</Filter>
    </None>
    <None Include="..\..\ZooidEngine\Shaders\Shader2D\TextShader_SDF.frag">
      <Filter>Shaders\Shader2D</Filter>
    </None>
    <None Include="..\..\ZooidEngine\Shaders\TextWorldShader_SDF.frag">
      <Filter>Shaders</Filter>
    </None>
    <None Include="..\..\ZooidEngine\Shaders\Shader2D\TextShader_MSDF.frag">
      <Filter>Shaders\Shader2D</Filter>
    </None>
    <None Include="..\..\ZooidEngine\Shaders\TextWorldShader_MSDF.frag">
      <Filter>Shaders</Filter>
    </None>
    <None Include="..\..\ZooidEngine\Shaders\Shadows\DefaultDepthShader.vs">
      <Filter>Shaders\Shadows</Filter>
    </None>
    <None Include="..\..\ZooidEngine\Shaders\Shadows\DefaultDepthShader.frag">
      <Filter>Shaders\Shadows</Filter>
    </None>
    <None Include="..\..\ZooidEngine\Shaders\Shadows\DefaultSkinDepthShader.vs">
      <Filter>Shaders\Shadows</Filter>
    </None>
  </ItemGroup>
</Project>